
Microsoft Visual Studio Solution File, Format Version 12.00
# Visual Studio Version 17
VisualStudioVersion = 17.0.32014.148
MinimumVisualStudioVersion = 10.0.40219.1
Project("{FAE04EC0-301F-11D3-BF4B-00C04F79EFBC}") = "IWantApp", "IWantApp.csproj", "{8CD1A984-2E4F-49E9-BA1E-E6D45220C661}"
EndProject
Global
	GlobalSection(SolutionConfigurationPlatforms) = preSolution
		Debug|Any CPU = Debug|Any CPU
		Release|Any CPU = Release|Any CPU
	EndGlobalSection
	GlobalSection(ProjectConfigurationPlatforms) = postSolution
		{8CD1A984-2E4F-49E9-BA1E-E6D45220C661}.Debug|Any CPU.ActiveCfg = Debug|Any CPU
		{8CD1A984-2E4F-49E9-BA1E-E6D45220C661}.Debug|Any CPU.Build.0 = Debug|Any CPU
		{8CD1A984-2E4F-49E9-BA1E-E6D45220C661}.Release|Any CPU.ActiveCfg = Release|Any CPU
		{8CD1A984-2E4F-49E9-BA1E-E6D45220C661}.Release|Any CPU.Build.0 = Release|Any CPU
	EndGlobalSection
	GlobalSection(SolutionProperties) = preSolution
		HideSolutionNode = FALSE
	EndGlobalSection
	GlobalSection(ExtensibilityGlobals) = postSolution
		SolutionGuid = {E391B244-6308-4B80-A53E-D7C927A88F40}
	EndGlobalSection
EndGlobal
